
Microsoft Visual Studio Solution File, Format Version 12.00
# Visual Studio Version 17
VisualStudioVersion = 17.11.35303.130
MinimumVisualStudioVersion = 10.0.40219.1
Project("{FAE04EC0-301F-11D3-BF4B-00C04F79EFBC}") = "NumbersGame", "NumbersGame.csproj", "{C65E3040-C90A-4E90-8752-D2BEC64D9A8C}"
EndProject
Global
	GlobalSection(SolutionConfigurationPlatforms) = preSolution
		Debug|Any CPU = Debug|Any CPU
		Release|Any CPU = Release|Any CPU
	EndGlobalSection
	GlobalSection(ProjectConfigurationPlatforms) = postSolution
		{C65E3040-C90A-4E90-8752-D2BEC64D9A8C}.Debug|Any CPU.ActiveCfg = Debug|Any CPU
		{C65E3040-C90A-4E90-8752-D2BEC64D9A8C}.Debug|Any CPU.Build.0 = Debug|Any CPU
		{C65E3040-C90A-4E90-8752-D2BEC64D9A8C}.Release|Any CPU.ActiveCfg = Release|Any CPU
		{C65E3040-C90A-4E90-8752-D2BEC64D9A8C}.Release|Any CPU.Build.0 = Release|Any CPU
	EndGlobalSection
	GlobalSection(SolutionProperties) = preSolution
		HideSolutionNode = FALSE
	EndGlobalSection
	GlobalSection(ExtensibilityGlobals) = postSolution
		SolutionGuid = {03A9D11E-EDF1-4B80-BDF3-37FE5BBCE4E2}
	EndGlobalSection
EndGlobal
